
Microsoft Visual Studio Solution File, Format Version 12.00
# Visual Studio Version 17
VisualStudioVersion = 17.4.33205.214
MinimumVisualStudioVersion = 10.0.40219.1
Project("{FAE04EC0-301F-11D3-BF4B-00C04F79EFBC}") = "DataAnalytics.Tests", "DataAnalytics.Tests\DataAnalytics.Tests.csproj", "{741F869F-D268-48F4-8358-E9372FC53ABD}"
EndProject
Project("{FAE04EC0-301F-11D3-BF4B-00C04F79EFBC}") = "DataAnalytics", "DataAnalytics\DataAnalytics.csproj", "{87810F34-E167-41EF-B22A-0F2D7B437FF6}"
EndProject
Global
	GlobalSection(SolutionConfigurationPlatforms) = preSolution
		Debug|Any CPU = Debug|Any CPU
		Release|Any CPU = Release|Any CPU
	EndGlobalSection
	GlobalSection(ProjectConfigurationPlatforms) = postSolution
		{741F869F-D268-48F4-8358-E9372FC53ABD}.Debug|Any CPU.ActiveCfg = Debug|Any CPU
		{741F869F-D268-48F4-8358-E9372FC53ABD}.Debug|Any CPU.Build.0 = Debug|Any CPU
		{741F869F-D268-48F4-8358-E9372FC53ABD}.Release|Any CPU.ActiveCfg = Release|Any CPU
		{741F869F-D268-48F4-8358-E9372FC53ABD}.Release|Any CPU.Build.0 = Release|Any CPU
		{87810F34-E167-41EF-B22A-0F2D7B437FF6}.Debug|Any CPU.ActiveCfg = Debug|Any CPU
		{87810F34-E167-41EF-B22A-0F2D7B437FF6}.Debug|Any CPU.Build.0 = Debug|Any CPU
		{87810F34-E167-41EF-B22A-0F2D7B437FF6}.Release|Any CPU.ActiveCfg = Release|Any CPU
		{87810F34-E167-41EF-B22A-0F2D7B437FF6}.Release|Any CPU.Build.0 = Release|Any CPU
	EndGlobalSection
	GlobalSection(SolutionProperties) = preSolution
		HideSolutionNode = FALSE
	EndGlobalSection
	GlobalSection(ExtensibilityGlobals) = postSolution
		SolutionGuid = {109E3C54-18FF-48D1-9F6A-0CD4719ECEFD}
	EndGlobalSection
EndGlobal
